
Microsoft Visual Studio Solution File, Format Version 12.00
# Visual Studio Version 17
VisualStudioVersion = 17.5.002.0
MinimumVisualStudioVersion = 10.0.40219.1
Project("{9A19103F-16F7-4668-BE54-9A1E7A4F7556}") = "api", "api\api.csproj", "{6DDD9342-498B-4D59-AE37-0D73A3D1646A}"
EndProject
Global
	GlobalSection(SolutionConfigurationPlatforms) = preSolution
		Debug|Any CPU = Debug|Any CPU
		Release|Any CPU = Release|Any CPU
	EndGlobalSection
	GlobalSection(ProjectConfigurationPlatforms) = postSolution
		{6DDD9342-498B-4D59-AE37-0D73A3D1646A}.Debug|Any CPU.ActiveCfg = Debug|Any CPU
		{6DDD9342-498B-4D59-AE37-0D73A3D1646A}.Debug|Any CPU.Build.0 = Debug|Any CPU
		{6DDD9342-498B-4D59-AE37-0D73A3D1646A}.Release|Any CPU.ActiveCfg = Release|Any CPU
		{6DDD9342-498B-4D59-AE37-0D73A3D1646A}.Release|Any CPU.Build.0 = Release|Any CPU
	EndGlobalSection
	GlobalSection(SolutionProperties) = preSolution
		HideSolutionNode = FALSE
	EndGlobalSection
	GlobalSection(ExtensibilityGlobals) = postSolution
		SolutionGuid = {3048C3F4-7B26-4497-910E-9929BCC3D58C}
	EndGlobalSection
EndGlobal
